
Microsoft Visual Studio Solution File, Format Version 12.00
# Visual Studio Version 16
VisualStudioVersion = 16.0.30114.105
MinimumVisualStudioVersion = 10.0.40219.1
Project("{2150E333-8FDC-42A3-9474-1A3956D46DE8}") = "Application", "Application", "{C31CD357-6C4F-4369-A877-EFB49481E26F}"
EndProject
Project("{2150E333-8FDC-42A3-9474-1A3956D46DE8}") = "Domain", "Domain", "{726866FC-EE24-4AD2-9E93-C283D91FA633}"
EndProject
Project("{2150E333-8FDC-42A3-9474-1A3956D46DE8}") = "Infrastructure.BUS", "Infrastructure.BUS", "{D07039DD-741F-41BE-A7D5-98C70C1D9340}"
EndProject
Project("{2150E333-8FDC-42A3-9474-1A3956D46DE8}") = "Infrastructure.DATA", "Infrastructure.DATA", "{4A7134ED-3D56-463A-8B11-354868438BEE}"
EndProject
Project("{2150E333-8FDC-42A3-9474-1A3956D46DE8}") = "Infrastructure.IOC", "Infrastructure.IOC", "{F720B429-2E24-4A0B-9CFF-DB2466D464BB}"
EndProject
Project("{2150E333-8FDC-42A3-9474-1A3956D46DE8}") = "Presenter", "Presenter", "{214C6891-898F-43EC-89AF-9DBD4B121F70}"
EndProject
Project("{FAE04EC0-301F-11D3-BF4B-00C04F79EFBC}") = "Presenter-TPArticle", "Presenter-TPArticle\Presenter-TPArticle.csproj", "{93BF7B97-5A30-4E78-8AEF-CAE5D27C4AD4}"
EndProject
Project("{FAE04EC0-301F-11D3-BF4B-00C04F79EFBC}") = "CLEAN-Application", "CLEAN-Application\CLEAN-Application.csproj", "{DE751BD1-4B57-4766-A163-AE23F2A280DE}"
EndProject
Project("{FAE04EC0-301F-11D3-BF4B-00C04F79EFBC}") = "CLEAN-Domain", "CLEAN-Domain\CLEAN-Domain.csproj", "{E1E1C779-513B-4BFA-8293-294D44E76B77}"
EndProject
Project("{FAE04EC0-301F-11D3-BF4B-00C04F79EFBC}") = "CLEAN-Domain-CORE", "CLEAN-Domain-CORE\CLEAN-Domain-CORE.csproj", "{10FE9340-6F58-4735-AED9-9F090CB8A616}"
EndProject
Project("{FAE04EC0-301F-11D3-BF4B-00C04F79EFBC}") = "CLEAN-Infrastructure-BUS", "CLEAN-Infrastructure-BUS\CLEAN-Infrastructure-BUS.csproj", "{A33D01F1-50C5-43AD-B212-34ADD99E3E60}"
EndProject
Project("{FAE04EC0-301F-11D3-BF4B-00C04F79EFBC}") = "CLEAN-Infrastructure-DATA", "CLEAN-Infrastructure-DATA\CLEAN-Infrastructure-DATA.csproj", "{8343A79C-FFD8-4329-91A0-739464FA1D86}"
EndProject
Project("{FAE04EC0-301F-11D3-BF4B-00C04F79EFBC}") = "CLEAN-Infrastructure-IOC", "CLEAN-Infrastructure-IOC\CLEAN-Infrastructure-IOC.csproj", "{FB5B69AD-86D7-4A52-A0A3-6FAC6D0ABF4B}"
EndProject
Global
	GlobalSection(SolutionConfigurationPlatforms) = preSolution
		Debug|Any CPU = Debug|Any CPU
		Release|Any CPU = Release|Any CPU
	EndGlobalSection
	GlobalSection(ProjectConfigurationPlatforms) = postSolution
		{93BF7B97-5A30-4E78-8AEF-CAE5D27C4AD4}.Debug|Any CPU.ActiveCfg = Debug|Any CPU
		{93BF7B97-5A30-4E78-8AEF-CAE5D27C4AD4}.Debug|Any CPU.Build.0 = Debug|Any CPU
		{93BF7B97-5A30-4E78-8AEF-CAE5D27C4AD4}.Release|Any CPU.ActiveCfg = Release|Any CPU
		{93BF7B97-5A30-4E78-8AEF-CAE5D27C4AD4}.Release|Any CPU.Build.0 = Release|Any CPU
		{DE751BD1-4B57-4766-A163-AE23F2A280DE}.Debug|Any CPU.ActiveCfg = Debug|Any CPU
		{DE751BD1-4B57-4766-A163-AE23F2A280DE}.Debug|Any CPU.Build.0 = Debug|Any CPU
		{DE751BD1-4B57-4766-A163-AE23F2A280DE}.Release|Any CPU.ActiveCfg = Release|Any CPU
		{DE751BD1-4B57-4766-A163-AE23F2A280DE}.Release|Any CPU.Build.0 = Release|Any CPU
		{E1E1C779-513B-4BFA-8293-294D44E76B77}.Debug|Any CPU.ActiveCfg = Debug|Any CPU
		{E1E1C779-513B-4BFA-8293-294D44E76B77}.Debug|Any CPU.Build.0 = Debug|Any CPU
		{E1E1C779-513B-4BFA-8293-294D44E76B77}.Release|Any CPU.ActiveCfg = Release|Any CPU
		{E1E1C779-513B-4BFA-8293-294D44E76B77}.Release|Any CPU.Build.0 = Release|Any CPU
		{10FE9340-6F58-4735-AED9-9F090CB8A616}.Debug|Any CPU.ActiveCfg = Debug|Any CPU
		{10FE9340-6F58-4735-AED9-9F090CB8A616}.Debug|Any CPU.Build.0 = Debug|Any CPU
		{10FE9340-6F58-4735-AED9-9F090CB8A616}.Release|Any CPU.ActiveCfg = Release|Any CPU
		{10FE9340-6F58-4735-AED9-9F090CB8A616}.Release|Any CPU.Build.0 = Release|Any CPU
		{A33D01F1-50C5-43AD-B212-34ADD99E3E60}.Debug|Any CPU.ActiveCfg = Debug|Any CPU
		{A33D01F1-50C5-43AD-B212-34ADD99E3E60}.Debug|Any CPU.Build.0 = Debug|Any CPU
		{A33D01F1-50C5-43AD-B212-34ADD99E3E60}.Release|Any CPU.ActiveCfg = Release|Any CPU
		{A33D01F1-50C5-43AD-B212-34ADD99E3E60}.Release|Any CPU.Build.0 = Release|Any CPU
		{8343A79C-FFD8-4329-91A0-739464FA1D86}.Debug|Any CPU.ActiveCfg = Debug|Any CPU
		{8343A79C-FFD8-4329-91A0-739464FA1D86}.Debug|Any CPU.Build.0 = Debug|Any CPU
		{8343A79C-FFD8-4329-91A0-739464FA1D86}.Release|Any CPU.ActiveCfg = Release|Any CPU
		{8343A79C-FFD8-4329-91A0-739464FA1D86}.Release|Any CPU.Build.0 = Release|Any CPU
		{FB5B69AD-86D7-4A52-A0A3-6FAC6D0ABF4B}.Debug|Any CPU.ActiveCfg = Debug|Any CPU
		{FB5B69AD-86D7-4A52-A0A3-6FAC6D0ABF4B}.Debug|Any CPU.Build.0 = Debug|Any CPU
		{FB5B69AD-86D7-4A52-A0A3-6FAC6D0ABF4B}.Release|Any CPU.ActiveCfg = Release|Any CPU
		{FB5B69AD-86D7-4A52-A0A3-6FAC6D0ABF4B}.Release|Any CPU.Build.0 = Release|Any CPU
	EndGlobalSection
	GlobalSection(SolutionProperties) = preSolution
		HideSolutionNode = FALSE
	EndGlobalSection
	GlobalSection(NestedProjects) = preSolution
		{93BF7B97-5A30-4E78-8AEF-CAE5D27C4AD4} = {214C6891-898F-43EC-89AF-9DBD4B121F70}
		{DE751BD1-4B57-4766-A163-AE23F2A280DE} = {C31CD357-6C4F-4369-A877-EFB49481E26F}
		{E1E1C779-513B-4BFA-8293-294D44E76B77} = {726866FC-EE24-4AD2-9E93-C283D91FA633}
		{10FE9340-6F58-4735-AED9-9F090CB8A616} = {726866FC-EE24-4AD2-9E93-C283D91FA633}
		{A33D01F1-50C5-43AD-B212-34ADD99E3E60} = {D07039DD-741F-41BE-A7D5-98C70C1D9340}
		{8343A79C-FFD8-4329-91A0-739464FA1D86} = {4A7134ED-3D56-463A-8B11-354868438BEE}
		{FB5B69AD-86D7-4A52-A0A3-6FAC6D0ABF4B} = {F720B429-2E24-4A0B-9CFF-DB2466D464BB}
	EndGlobalSection
	GlobalSection(ExtensibilityGlobals) = postSolution
		SolutionGuid = {9DE4B731-7819-4748-B88F-B7355FF826C5}
	EndGlobalSection
EndGlobal
